
Microsoft Visual Studio Solution File, Format Version 12.00
# Visual Studio Version 16
VisualStudioVersion = 16.0.29409.12
MinimumVisualStudioVersion = 10.0.40219.1
Project("{9A19103F-16F7-4668-BE54-9A1E7A4F7556}") = "Lesson01 Algorithm Analysis", "Lesson01 Algorithm Analysis\Lesson01 Algorithm Analysis.csproj", "{2757D71F-1546-4CBA-B685-67255BD9DF43}"
EndProject
Project("{9A19103F-16F7-4668-BE54-9A1E7A4F7556}") = "Lesson02 Basic Data Structures", "Lesson02 Basic Data Structures\Lesson02 Basic Data Structures.csproj", "{EBB37663-3142-47A3-BC26-68EF60FDA737}"
EndProject
Project("{9A19103F-16F7-4668-BE54-9A1E7A4F7556}") = "Lesson03 Recursion and Sorting", "Lesson03 Recursion and Sorting\Lesson03 Recursion and Sorting.csproj", "{062DDDF0-C82B-409F-9E21-162C24E91017}"
EndProject
Project("{9A19103F-16F7-4668-BE54-9A1E7A4F7556}") = "Lesson04 QuickSort and Trees", "Lesson04 QuickSort and Trees\Lesson04 QuickSort and Trees.csproj", "{D3BB99AE-D969-4043-B432-4C5500EF5C85}"
EndProject
Project("{9A19103F-16F7-4668-BE54-9A1E7A4F7556}") = "Lesson05 Binary Trees", "Lesson05 Binary Trees\Lesson05 Binary Trees.csproj", "{80A6CC80-0CF0-481C-9582-DAA364CFF673}"
EndProject
Project("{9A19103F-16F7-4668-BE54-9A1E7A4F7556}") = "Lesson06 Graphs", "Lesson06 Graphs\Lesson06 Graphs.csproj", "{3B82992D-99BA-496A-B332-285375B9AE14}"
EndProject
Project("{9A19103F-16F7-4668-BE54-9A1E7A4F7556}") = "Lesson02 Tests", "Lesson02 Tests\Lesson02 Tests.csproj", "{32FCE530-062B-4146-82B8-B20A0FD0F8EF}"
EndProject
Project("{9A19103F-16F7-4668-BE54-9A1E7A4F7556}") = "Lesson03 Tests", "Lesson03 Tests\Lesson03 Tests.csproj", "{60DC5057-C14C-4D41-B67B-F75E1058D057}"
EndProject
Project("{9A19103F-16F7-4668-BE54-9A1E7A4F7556}") = "Lesson04 Tests", "Lesson04 Tests\Lesson04 Tests.csproj", "{398E6EA8-5DFB-4D14-AEE7-6D82B1E96962}"
EndProject
Project("{9A19103F-16F7-4668-BE54-9A1E7A4F7556}") = "Lesson05 Tests", "Lesson05 Tests\Lesson05 Tests.csproj", "{1089AC8C-694F-4E40-A14D-3EF18B08B992}"
EndProject
Project("{9A19103F-16F7-4668-BE54-9A1E7A4F7556}") = "Lesson06 Tests", "Lesson06 Tests\Lesson06 Tests.csproj", "{00756456-20C8-439F-ADAB-C7426159F294}"
EndProject
Project("{9A19103F-16F7-4668-BE54-9A1E7A4F7556}") = "Extra01 FizzBuzz", "Extra01 FizzBuzz\Extra01 FizzBuzz.csproj", "{60978A99-3186-4656-9F97-FC36BD16EAF8}"
EndProject
Project("{9A19103F-16F7-4668-BE54-9A1E7A4F7556}") = "Extra02 Random Array", "Extra02 Random Array\Extra02 Random Array.csproj", "{12814E2F-E45B-4514-BBE7-4A170255288B}"
EndProject
Project("{9A19103F-16F7-4668-BE54-9A1E7A4F7556}") = "Extra03 Max Value", "Extra03 Max Value\Extra03 Max Value.csproj", "{084F8942-A730-4FF1-B295-CD9D9E89746D}"
EndProject
Project("{9A19103F-16F7-4668-BE54-9A1E7A4F7556}") = "Extra04 Calculate Complexity", "Extra04 Calculate Complexity\Extra04 Calculate Complexity.csproj", "{9158F013-94DA-4FC7-8933-8A626AC3FA9D}"
EndProject
Project("{9A19103F-16F7-4668-BE54-9A1E7A4F7556}") = "Extra05 Cumulative Sum", "Extra05 Cumulative Sum\Extra05 Cumulative Sum.csproj", "{7CCD2721-C1A0-474D-A23B-0FB97ED696D1}"
EndProject
Project("{9A19103F-16F7-4668-BE54-9A1E7A4F7556}") = "OefenTentamen", "OefenTentamen\OefenTentamen.csproj", "{7D89EA25-21AD-4522-82C2-E5D20BC7E039}"
EndProject
Project("{9A19103F-16F7-4668-BE54-9A1E7A4F7556}") = "Practicum1920 VT1", "Practicum1920 VT1\Practicum1920 VT1.csproj", "{9241EC22-D03E-43E4-80DF-4E1494DCB069}"
EndProject
Project("{9A19103F-16F7-4668-BE54-9A1E7A4F7556}") = "Practicum1920 VT1 Tests", "Practicum1920 VT1 Tests\Practicum1920 VT1 Tests.csproj", "{D16C01E5-C8D4-46AF-967D-2793CA22F56A}"
EndProject
Project("{FAE04EC0-301F-11D3-BF4B-00C04F79EFBC}") = "Practicum1920 VT1_2", "Practicum1920 VT1_2\Practicum1920 VT1_2.csproj", "{19D51808-5CAC-4BC1-9302-C0E2B7242F62}"
EndProject
Project("{FAE04EC0-301F-11D3-BF4B-00C04F79EFBC}") = "Practicum1920 VT1_2 Tests", "Practicum1920 VT1_2 Tests\Practicum1920 VT1_2 Tests.csproj", "{B55A6F33-F65C-4AC0-A30C-1E5CC7896339}"
EndProject
Global
	GlobalSection(SolutionConfigurationPlatforms) = preSolution
		Debug|Any CPU = Debug|Any CPU
		Release|Any CPU = Release|Any CPU
	EndGlobalSection
	GlobalSection(ProjectConfigurationPlatforms) = postSolution
		{2757D71F-1546-4CBA-B685-67255BD9DF43}.Debug|Any CPU.ActiveCfg = Debug|Any CPU
		{2757D71F-1546-4CBA-B685-67255BD9DF43}.Debug|Any CPU.Build.0 = Debug|Any CPU
		{2757D71F-1546-4CBA-B685-67255BD9DF43}.Release|Any CPU.ActiveCfg = Release|Any CPU
		{2757D71F-1546-4CBA-B685-67255BD9DF43}.Release|Any CPU.Build.0 = Release|Any CPU
		{EBB37663-3142-47A3-BC26-68EF60FDA737}.Debug|Any CPU.ActiveCfg = Debug|Any CPU
		{EBB37663-3142-47A3-BC26-68EF60FDA737}.Debug|Any CPU.Build.0 = Debug|Any CPU
		{EBB37663-3142-47A3-BC26-68EF60FDA737}.Release|Any CPU.ActiveCfg = Release|Any CPU
		{EBB37663-3142-47A3-BC26-68EF60FDA737}.Release|Any CPU.Build.0 = Release|Any CPU
		{062DDDF0-C82B-409F-9E21-162C24E91017}.Debug|Any CPU.ActiveCfg = Debug|Any CPU
		{062DDDF0-C82B-409F-9E21-162C24E91017}.Debug|Any CPU.Build.0 = Debug|Any CPU
		{062DDDF0-C82B-409F-9E21-162C24E91017}.Release|Any CPU.ActiveCfg = Release|Any CPU
		{062DDDF0-C82B-409F-9E21-162C24E91017}.Release|Any CPU.Build.0 = Release|Any CPU
		{D3BB99AE-D969-4043-B432-4C5500EF5C85}.Debug|Any CPU.ActiveCfg = Debug|Any CPU
		{D3BB99AE-D969-4043-B432-4C5500EF5C85}.Debug|Any CPU.Build.0 = Debug|Any CPU
		{D3BB99AE-D969-4043-B432-4C5500EF5C85}.Release|Any CPU.ActiveCfg = Release|Any CPU
		{D3BB99AE-D969-4043-B432-4C5500EF5C85}.Release|Any CPU.Build.0 = Release|Any CPU
		{80A6CC80-0CF0-481C-9582-DAA364CFF673}.Debug|Any CPU.ActiveCfg = Debug|Any CPU
		{80A6CC80-0CF0-481C-9582-DAA364CFF673}.Debug|Any CPU.Build.0 = Debug|Any CPU
		{80A6CC80-0CF0-481C-9582-DAA364CFF673}.Release|Any CPU.ActiveCfg = Release|Any CPU
		{80A6CC80-0CF0-481C-9582-DAA364CFF673}.Release|Any CPU.Build.0 = Release|Any CPU
		{3B82992D-99BA-496A-B332-285375B9AE14}.Debug|Any CPU.ActiveCfg = Debug|Any CPU
		{3B82992D-99BA-496A-B332-285375B9AE14}.Debug|Any CPU.Build.0 = Debug|Any CPU
		{3B82992D-99BA-496A-B332-285375B9AE14}.Release|Any CPU.ActiveCfg = Release|Any CPU
		{3B82992D-99BA-496A-B332-285375B9AE14}.Release|Any CPU.Build.0 = Release|Any CPU
		{32FCE530-062B-4146-82B8-B20A0FD0F8EF}.Debug|Any CPU.ActiveCfg = Debug|Any CPU
		{32FCE530-062B-4146-82B8-B20A0FD0F8EF}.Debug|Any CPU.Build.0 = Debug|Any CPU
		{32FCE530-062B-4146-82B8-B20A0FD0F8EF}.Release|Any CPU.ActiveCfg = Release|Any CPU
		{32FCE530-062B-4146-82B8-B20A0FD0F8EF}.Release|Any CPU.Build.0 = Release|Any CPU
		{60DC5057-C14C-4D41-B67B-F75E1058D057}.Debug|Any CPU.ActiveCfg = Debug|Any CPU
		{60DC5057-C14C-4D41-B67B-F75E1058D057}.Debug|Any CPU.Build.0 = Debug|Any CPU
		{60DC5057-C14C-4D41-B67B-F75E1058D057}.Release|Any CPU.ActiveCfg = Release|Any CPU
		{60DC5057-C14C-4D41-B67B-F75E1058D057}.Release|Any CPU.Build.0 = Release|Any CPU
		{398E6EA8-5DFB-4D14-AEE7-6D82B1E96962}.Debug|Any CPU.ActiveCfg = Debug|Any CPU
		{398E6EA8-5DFB-4D14-AEE7-6D82B1E96962}.Debug|Any CPU.Build.0 = Debug|Any CPU
		{398E6EA8-5DFB-4D14-AEE7-6D82B1E96962}.Release|Any CPU.ActiveCfg = Release|Any CPU
		{398E6EA8-5DFB-4D14-AEE7-6D82B1E96962}.Release|Any CPU.Build.0 = Release|Any CPU
		{1089AC8C-694F-4E40-A14D-3EF18B08B992}.Debug|Any CPU.ActiveCfg = Debug|Any CPU
		{1089AC8C-694F-4E40-A14D-3EF18B08B992}.Debug|Any CPU.Build.0 = Debug|Any CPU
		{1089AC8C-694F-4E40-A14D-3EF18B08B992}.Release|Any CPU.ActiveCfg = Release|Any CPU
		{1089AC8C-694F-4E40-A14D-3EF18B08B992}.Release|Any CPU.Build.0 = Release|Any CPU
		{00756456-20C8-439F-ADAB-C7426159F294}.Debug|Any CPU.ActiveCfg = Debug|Any CPU
		{00756456-20C8-439F-ADAB-C7426159F294}.Debug|Any CPU.Build.0 = Debug|Any CPU
		{00756456-20C8-439F-ADAB-C7426159F294}.Release|Any CPU.ActiveCfg = Release|Any CPU
		{00756456-20C8-439F-ADAB-C7426159F294}.Release|Any CPU.Build.0 = Release|Any CPU
		{60978A99-3186-4656-9F97-FC36BD16EAF8}.Debug|Any CPU.ActiveCfg = Debug|Any CPU
		{60978A99-3186-4656-9F97-FC36BD16EAF8}.Debug|Any CPU.Build.0 = Debug|Any CPU
		{60978A99-3186-4656-9F97-FC36BD16EAF8}.Release|Any CPU.ActiveCfg = Release|Any CPU
		{60978A99-3186-4656-9F97-FC36BD16EAF8}.Release|Any CPU.Build.0 = Release|Any CPU
		{12814E2F-E45B-4514-BBE7-4A170255288B}.Debug|Any CPU.ActiveCfg = Debug|Any CPU
		{12814E2F-E45B-4514-BBE7-4A170255288B}.Debug|Any CPU.Build.0 = Debug|Any CPU
		{12814E2F-E45B-4514-BBE7-4A170255288B}.Release|Any CPU.ActiveCfg = Release|Any CPU
		{12814E2F-E45B-4514-BBE7-4A170255288B}.Release|Any CPU.Build.0 = Release|Any CPU
		{084F8942-A730-4FF1-B295-CD9D9E89746D}.Debug|Any CPU.ActiveCfg = Debug|Any CPU
		{084F8942-A730-4FF1-B295-CD9D9E89746D}.Debug|Any CPU.Build.0 = Debug|Any CPU
		{084F8942-A730-4FF1-B295-CD9D9E89746D}.Release|Any CPU.ActiveCfg = Release|Any CPU
		{084F8942-A730-4FF1-B295-CD9D9E89746D}.Release|Any CPU.Build.0 = Release|Any CPU
		{9158F013-94DA-4FC7-8933-8A626AC3FA9D}.Debug|Any CPU.ActiveCfg = Debug|Any CPU
		{9158F013-94DA-4FC7-8933-8A626AC3FA9D}.Debug|Any CPU.Build.0 = Debug|Any CPU
		{9158F013-94DA-4FC7-8933-8A626AC3FA9D}.Release|Any CPU.ActiveCfg = Release|Any CPU
		{9158F013-94DA-4FC7-8933-8A626AC3FA9D}.Release|Any CPU.Build.0 = Release|Any CPU
		{7CCD2721-C1A0-474D-A23B-0FB97ED696D1}.Debug|Any CPU.ActiveCfg = Debug|Any CPU
		{7CCD2721-C1A0-474D-A23B-0FB97ED696D1}.Debug|Any CPU.Build.0 = Debug|Any CPU
		{7CCD2721-C1A0-474D-A23B-0FB97ED696D1}.Release|Any CPU.ActiveCfg = Release|Any CPU
		{7CCD2721-C1A0-474D-A23B-0FB97ED696D1}.Release|Any CPU.Build.0 = Release|Any CPU
		{7D89EA25-21AD-4522-82C2-E5D20BC7E039}.Debug|Any CPU.ActiveCfg = Debug|Any CPU
		{7D89EA25-21AD-4522-82C2-E5D20BC7E039}.Debug|Any CPU.Build.0 = Debug|Any CPU
		{7D89EA25-21AD-4522-82C2-E5D20BC7E039}.Release|Any CPU.ActiveCfg = Release|Any CPU
		{7D89EA25-21AD-4522-82C2-E5D20BC7E039}.Release|Any CPU.Build.0 = Release|Any CPU
		{9241EC22-D03E-43E4-80DF-4E1494DCB069}.Debug|Any CPU.ActiveCfg = Debug|Any CPU
		{9241EC22-D03E-43E4-80DF-4E1494DCB069}.Debug|Any CPU.Build.0 = Debug|Any CPU
		{9241EC22-D03E-43E4-80DF-4E1494DCB069}.Release|Any CPU.ActiveCfg = Release|Any CPU
		{9241EC22-D03E-43E4-80DF-4E1494DCB069}.Release|Any CPU.Build.0 = Release|Any CPU
		{D16C01E5-C8D4-46AF-967D-2793CA22F56A}.Debug|Any CPU.ActiveCfg = Debug|Any CPU
		{D16C01E5-C8D4-46AF-967D-2793CA22F56A}.Debug|Any CPU.Build.0 = Debug|Any CPU
		{D16C01E5-C8D4-46AF-967D-2793CA22F56A}.Release|Any CPU.ActiveCfg = Release|Any CPU
		{D16C01E5-C8D4-46AF-967D-2793CA22F56A}.Release|Any CPU.Build.0 = Release|Any CPU
		{19D51808-5CAC-4BC1-9302-C0E2B7242F62}.Debug|Any CPU.ActiveCfg = Debug|Any CPU
		{19D51808-5CAC-4BC1-9302-C0E2B7242F62}.Debug|Any CPU.Build.0 = Debug|Any CPU
		{19D51808-5CAC-4BC1-9302-C0E2B7242F62}.Release|Any CPU.ActiveCfg = Release|Any CPU
		{19D51808-5CAC-4BC1-9302-C0E2B7242F62}.Release|Any CPU.Build.0 = Release|Any CPU
		{B55A6F33-F65C-4AC0-A30C-1E5CC7896339}.Debug|Any CPU.ActiveCfg = Debug|Any CPU
		{B55A6F33-F65C-4AC0-A30C-1E5CC7896339}.Debug|Any CPU.Build.0 = Debug|Any CPU
		{B55A6F33-F65C-4AC0-A30C-1E5CC7896339}.Release|Any CPU.ActiveCfg = Release|Any CPU
		{B55A6F33-F65C-4AC0-A30C-1E5CC7896339}.Release|Any CPU.Build.0 = Release|Any CPU
	EndGlobalSection
	GlobalSection(SolutionProperties) = preSolution
		HideSolutionNode = FALSE
	EndGlobalSection
	GlobalSection(ExtensibilityGlobals) = postSolution
		SolutionGuid = {A555DE3B-8C7C-4E80-9FB5-C81CFFE1DC76}
	EndGlobalSection
EndGlobal
